
Microsoft Visual Studio Solution File, Format Version 12.00
# Visual Studio 2013
VisualStudioVersion = 12.0.40629.0
MinimumVisualStudioVersion = 10.0.40219.1
Project("{FAE04EC0-301F-11D3-BF4B-00C04F79EFBC}") = "CMFGlobalFundingRates_v2", "CMFGlobalFundingRates_v2\CMFGlobalFundingRates_v2.csproj", "{B0BB3C5D-F0B6-4F11-AC2C-530D2DD5F1AA}"
EndProject
Global
	GlobalSection(SolutionConfigurationPlatforms) = preSolution
		Debug|Any CPU = Debug|Any CPU
		Release|Any CPU = Release|Any CPU
	EndGlobalSection
	GlobalSection(ProjectConfigurationPlatforms) = postSolution
		{B0BB3C5D-F0B6-4F11-AC2C-530D2DD5F1AA}.Debug|Any CPU.ActiveCfg = Debug|Any CPU
		{B0BB3C5D-F0B6-4F11-AC2C-530D2DD5F1AA}.Debug|Any CPU.Build.0 = Debug|Any CPU
		{B0BB3C5D-F0B6-4F11-AC2C-530D2DD5F1AA}.Release|Any CPU.ActiveCfg = Release|Any CPU
		{B0BB3C5D-F0B6-4F11-AC2C-530D2DD5F1AA}.Release|Any CPU.Build.0 = Release|Any CPU
	EndGlobalSection
	GlobalSection(SolutionProperties) = preSolution
		HideSolutionNode = FALSE
	EndGlobalSection
EndGlobal
